
Microsoft Visual Studio Solution File, Format Version 12.00
# Visual Studio Version 17
VisualStudioVersion = 17.4.33213.308
MinimumVisualStudioVersion = 10.0.40219.1
Project("{FAE04EC0-301F-11D3-BF4B-00C04F79EFBC}") = "WebAPIUsers", "WebAPIUsers\WebAPIUsers.csproj", "{AAE4B000-3620-4D0F-A16B-C51CF4A02AE4}"
EndProject
Global
	GlobalSection(SolutionConfigurationPlatforms) = preSolution
		Debug|Any CPU = Debug|Any CPU
		Release|Any CPU = Release|Any CPU
	EndGlobalSection
	GlobalSection(ProjectConfigurationPlatforms) = postSolution
		{AAE4B000-3620-4D0F-A16B-C51CF4A02AE4}.Debug|Any CPU.ActiveCfg = Debug|Any CPU
		{AAE4B000-3620-4D0F-A16B-C51CF4A02AE4}.Debug|Any CPU.Build.0 = Debug|Any CPU
		{AAE4B000-3620-4D0F-A16B-C51CF4A02AE4}.Release|Any CPU.ActiveCfg = Release|Any CPU
		{AAE4B000-3620-4D0F-A16B-C51CF4A02AE4}.Release|Any CPU.Build.0 = Release|Any CPU
	EndGlobalSection
	GlobalSection(SolutionProperties) = preSolution
		HideSolutionNode = FALSE
	EndGlobalSection
	GlobalSection(ExtensibilityGlobals) = postSolution
		SolutionGuid = {A46063AB-887C-44B3-B8D9-5CD23BF66829}
	EndGlobalSection
EndGlobal
